
Microsoft Visual Studio Solution File, Format Version 12.00
# Visual Studio Version 16
VisualStudioVersion = 16.0.28729.10
MinimumVisualStudioVersion = 10.0.40219.1
Project("{FAE04EC0-301F-11D3-BF4B-00C04F79EFBC}") = "AutoMerge", "AutoMerge\AutoMerge.csproj", "{726ED85E-2274-4D95-B822-B2CFE2CE44B9}"
EndProject
Project("{2150E333-8FDC-42A3-9474-1A3956D46DE8}") = "build", "build", "{5101B5A3-BBBF-474C-8BBF-A61EF46643D0}"
	ProjectSection(SolutionItems) = preProject
		..\build.fsx = ..\build.fsx
	EndProjectSection
EndProject
Project("{FAE04EC0-301F-11D3-BF4B-00C04F79EFBC}") = "AutoMerge.Tests", "AutoMerge.Tests\AutoMerge.Tests.csproj", "{4CD4D5BB-FE08-4DAF-A952-93E78022FC12}"
EndProject
Global
	GlobalSection(SolutionConfigurationPlatforms) = preSolution
		Debug|Any CPU = Debug|Any CPU
		Release|Any CPU = Release|Any CPU
	EndGlobalSection
	GlobalSection(ProjectConfigurationPlatforms) = postSolution
		{726ED85E-2274-4D95-B822-B2CFE2CE44B9}.Debug|Any CPU.ActiveCfg = Debug|Any CPU
		{726ED85E-2274-4D95-B822-B2CFE2CE44B9}.Debug|Any CPU.Build.0 = Debug|Any CPU
		{726ED85E-2274-4D95-B822-B2CFE2CE44B9}.Release|Any CPU.ActiveCfg = Release|Any CPU
		{726ED85E-2274-4D95-B822-B2CFE2CE44B9}.Release|Any CPU.Build.0 = Release|Any CPU
		{4CD4D5BB-FE08-4DAF-A952-93E78022FC12}.Debug|Any CPU.ActiveCfg = Debug|Any CPU
		{4CD4D5BB-FE08-4DAF-A952-93E78022FC12}.Debug|Any CPU.Build.0 = Debug|Any CPU
		{4CD4D5BB-FE08-4DAF-A952-93E78022FC12}.Release|Any CPU.ActiveCfg = Release|Any CPU
		{4CD4D5BB-FE08-4DAF-A952-93E78022FC12}.Release|Any CPU.Build.0 = Release|Any CPU
	EndGlobalSection
	GlobalSection(SolutionProperties) = preSolution
		HideSolutionNode = FALSE
	EndGlobalSection
EndGlobal
